
Microsoft Visual Studio Solution File, Format Version 12.00
# Visual Studio Version 17
VisualStudioVersion = 17.5.002.0
MinimumVisualStudioVersion = 10.0.40219.1
Project("{9A19103F-16F7-4668-BE54-9A1E7A4F7556}") = "AzureWebsite.Api", "AzureWebsite.Api.csproj", "{B96DEF2B-EDDD-4A7D-AD9A-E3B874C0F2BC}"
EndProject
Global
	GlobalSection(SolutionConfigurationPlatforms) = preSolution
		Debug|Any CPU = Debug|Any CPU
		Release|Any CPU = Release|Any CPU
	EndGlobalSection
	GlobalSection(ProjectConfigurationPlatforms) = postSolution
		{B96DEF2B-EDDD-4A7D-AD9A-E3B874C0F2BC}.Debug|Any CPU.ActiveCfg = Debug|Any CPU
		{B96DEF2B-EDDD-4A7D-AD9A-E3B874C0F2BC}.Debug|Any CPU.Build.0 = Debug|Any CPU
		{B96DEF2B-EDDD-4A7D-AD9A-E3B874C0F2BC}.Release|Any CPU.ActiveCfg = Release|Any CPU
		{B96DEF2B-EDDD-4A7D-AD9A-E3B874C0F2BC}.Release|Any CPU.Build.0 = Release|Any CPU
	EndGlobalSection
	GlobalSection(SolutionProperties) = preSolution
		HideSolutionNode = FALSE
	EndGlobalSection
	GlobalSection(ExtensibilityGlobals) = postSolution
		SolutionGuid = {A697F1B6-80EE-45F6-9B3F-7CF7B1992C1F}
	EndGlobalSection
EndGlobal
